
Microsoft Visual Studio Solution File, Format Version 12.00
# Visual Studio Version 17
VisualStudioVersion = 17.4.33205.214
MinimumVisualStudioVersion = 10.0.40219.1
Project("{FAE04EC0-301F-11D3-BF4B-00C04F79EFBC}") = "patikaodev2", "patikaodev2\patikaodev2.csproj", "{E91DF576-5CD9-40B5-981F-1176A9BD5F47}"
EndProject
Global
	GlobalSection(SolutionConfigurationPlatforms) = preSolution
		Debug|Any CPU = Debug|Any CPU
		Release|Any CPU = Release|Any CPU
	EndGlobalSection
	GlobalSection(ProjectConfigurationPlatforms) = postSolution
		{E91DF576-5CD9-40B5-981F-1176A9BD5F47}.Debug|Any CPU.ActiveCfg = Debug|Any CPU
		{E91DF576-5CD9-40B5-981F-1176A9BD5F47}.Debug|Any CPU.Build.0 = Debug|Any CPU
		{E91DF576-5CD9-40B5-981F-1176A9BD5F47}.Release|Any CPU.ActiveCfg = Release|Any CPU
		{E91DF576-5CD9-40B5-981F-1176A9BD5F47}.Release|Any CPU.Build.0 = Release|Any CPU
	EndGlobalSection
	GlobalSection(SolutionProperties) = preSolution
		HideSolutionNode = FALSE
	EndGlobalSection
	GlobalSection(ExtensibilityGlobals) = postSolution
		SolutionGuid = {06451A4E-F330-4EE4-9979-A7159FBA2D8A}
	EndGlobalSection
EndGlobal
